
Microsoft Visual Studio Solution File, Format Version 12.00
Project("{FAE04EC0-301F-11D3-BF4B-00C04F79EFBC}") = "Remove_Duplicates_From_Sorted_Array", "Remove_Duplicates_From_Sorted_Array\Remove_Duplicates_From_Sorted_Array.csproj", "{F6078A90-257E-4B97-8642-453C452EB286}"
EndProject
Project("{FAE04EC0-301F-11D3-BF4B-00C04F79EFBC}") = "Rotate_Array", "Rotate_Array\Rotate_Array.csproj", "{2FFDF234-7CAF-43E4-93A5-534D4E37C4A8}"
EndProject
Project("{FAE04EC0-301F-11D3-BF4B-00C04F79EFBC}") = "Contains_Duplicate", "Contains_Duplicate\Contains_Duplicate.csproj", "{461684BC-AE6A-4824-9BF5-685E7C9A694F}"
EndProject
Project("{FAE04EC0-301F-11D3-BF4B-00C04F79EFBC}") = "Single_Number", "Single_Number\Single_Number.csproj", "{97792799-60A5-4D69-900E-D4D0BCE47F9B}"
EndProject
Project("{FAE04EC0-301F-11D3-BF4B-00C04F79EFBC}") = "Intersection_of_two_Arrays_II", "Intersection_of_two_Arrays_II\Intersection_of_two_Arrays_II.csproj", "{1B681388-8B39-44C1-A5CC-690870B378BD}"
EndProject
Project("{FAE04EC0-301F-11D3-BF4B-00C04F79EFBC}") = "Plus_One", "Plus_One\Plus_One.csproj", "{CA1AB24E-4FE6-47C6-AB09-C0BD499E4139}"
EndProject
Project("{FAE04EC0-301F-11D3-BF4B-00C04F79EFBC}") = "Move_Zeroes", "Move_Zeroes\Move_Zeroes.csproj", "{DB229BEA-278F-41BF-8130-7B3A45405091}"
EndProject
Project("{FAE04EC0-301F-11D3-BF4B-00C04F79EFBC}") = "TwoSum", "TwoSum\TwoSum.csproj", "{8CC78AC3-79A9-4962-B7F7-94CF6540F53A}"
EndProject
Project("{FAE04EC0-301F-11D3-BF4B-00C04F79EFBC}") = "Valid_Sudoku", "Valid_Sudoku\Valid_Sudoku.csproj", "{15089518-B2CF-4654-9B1F-D7861C0D39E3}"
EndProject
Project("{FAE04EC0-301F-11D3-BF4B-00C04F79EFBC}") = "Rotate_Image", "Rotate_Image\Rotate_Image.csproj", "{D0657A9F-5016-4759-B2EB-C99447429D4B}"
EndProject
Project("{FAE04EC0-301F-11D3-BF4B-00C04F79EFBC}") = "RemoveElement", "RemoveElement\RemoveElement.csproj", "{17531338-FF94-4254-A1FA-533EEA73FD53}"
EndProject
Project("{FAE04EC0-301F-11D3-BF4B-00C04F79EFBC}") = "Reverse_String", "Reverse_String\Reverse_String.csproj", "{FAA7D0D0-2892-4EEE-B865-E3161684C57C}"
EndProject
Project("{FAE04EC0-301F-11D3-BF4B-00C04F79EFBC}") = "Reverse_Integer", "Reverse_Integer\Reverse_Integer.csproj", "{F389C489-3B26-435B-B980-D7C37977EC65}"
EndProject
Project("{FAE04EC0-301F-11D3-BF4B-00C04F79EFBC}") = "First_Unique_Character", "First_Unique_Character\First_Unique_Character.csproj", "{134381AC-DDAD-4019-AC41-7F22A3E88FAB}"
EndProject
Project("{FAE04EC0-301F-11D3-BF4B-00C04F79EFBC}") = "Valid_Anagram", "Valid_Anagram\Valid_Anagram.csproj", "{2871EE43-76DD-4BB3-A584-3BDFAC1E7C32}"
EndProject
Project("{FAE04EC0-301F-11D3-BF4B-00C04F79EFBC}") = "Valid_Palindrome", "Valid_Palindrome\Valid_Palindrome.csproj", "{F903DE93-915E-40A8-8489-BEE3BB6B3E3F}"
EndProject
Project("{FAE04EC0-301F-11D3-BF4B-00C04F79EFBC}") = "String_To_Integer", "String_To_Integer\String_To_Integer.csproj", "{17C0D182-0313-422C-8F71-40AEFDF2262A}"
EndProject
Project("{FAE04EC0-301F-11D3-BF4B-00C04F79EFBC}") = "strStr", "strStr\strStr.csproj", "{DECEA31D-4079-47B4-B3D6-014ED05E0ED7}"
EndProject
Project("{FAE04EC0-301F-11D3-BF4B-00C04F79EFBC}") = "Longest_Common_prefix", "Longest_Common_prefix\Longest_Common_prefix.csproj", "{0A328927-1698-4F4D-AC3D-7A372C58ADE4}"
EndProject
Project("{FAE04EC0-301F-11D3-BF4B-00C04F79EFBC}") = "TestingStuff", "TestingStuff\TestingStuff.csproj", "{B99085B4-3518-4276-B963-55325C4408B4}"
EndProject
Project("{FAE04EC0-301F-11D3-BF4B-00C04F79EFBC}") = "Remove_Nth_Node_LinkedList", "Remove_Nth_Node_LinkedList\Remove_Nth_Node_LinkedList.csproj", "{01A3F89B-2580-41CB-9E67-681A63789279}"
EndProject
Project("{FAE04EC0-301F-11D3-BF4B-00C04F79EFBC}") = "Microsoft", "Microsoft\Microsoft.csproj", "{6C5A8F82-5767-40E0-A708-69C891B3E12A}"
EndProject
Project("{FAE04EC0-301F-11D3-BF4B-00C04F79EFBC}") = "Find_All_Numbers_Disappeared_in_an_Array", "Find_All_Numbers_Disappeared_in_an_Array\Find_All_Numbers_Disappeared_in_an_Array.csproj", "{22A5657E-D2C8-4721-8687-0AD6C4FDA9A0}"
EndProject
Project("{FAE04EC0-301F-11D3-BF4B-00C04F79EFBC}") = "Buy_Sell_Stock_I", "Buy_Sell_Stock_I\Buy_Sell_Stock_I.csproj", "{E4BC0137-F4D4-4FBC-81CC-6BA553109A61}"
EndProject
Project("{FAE04EC0-301F-11D3-BF4B-00C04F79EFBC}") = "Counting_Bits", "Counting_Bits\Counting_Bits.csproj", "{A13CFD23-8D37-4279-9254-983BB8D9EBF7}"
EndProject
Project("{FAE04EC0-301F-11D3-BF4B-00C04F79EFBC}") = "Missing_Number", "Missing_Number\Missing_Number.csproj", "{E832A66C-B035-444E-B0B3-7D0B9895900F}"
EndProject
Project("{FAE04EC0-301F-11D3-BF4B-00C04F79EFBC}") = "Delete_node_in_LinkedList", "Delete_node_in_LinkedList\Delete_node_in_LinkedList.csproj", "{AFD9D222-3DB7-4D54-BB7C-C12481D8C08F}"
EndProject
Project("{FAE04EC0-301F-11D3-BF4B-00C04F79EFBC}") = "NumPairsDivisibleBy60", "NumPairsDivisibleBy60\NumPairsDivisibleBy60.csproj", "{D26C4221-4552-4CAE-BCF6-11B6556AEAD5}"
EndProject
Project("{FAE04EC0-301F-11D3-BF4B-00C04F79EFBC}") = "Time_Conversion", "Time_Conversion\Time_Conversion.csproj", "{99DB8495-65BB-402F-A0A7-77C6E7B061E4}"
EndProject
Project("{FAE04EC0-301F-11D3-BF4B-00C04F79EFBC}") = "Plus_Minus", "Plus_Minus\Plus_Minus.csproj", "{458EDC1E-FC39-461C-96BD-4A2092751205}"
EndProject
Project("{FAE04EC0-301F-11D3-BF4B-00C04F79EFBC}") = "Min_Max_Sum", "Min_Max_Sum\Min_Max_Sum.csproj", "{986FF734-68FB-4D5A-A776-550D1C233D3E}"
EndProject
Project("{FAE04EC0-301F-11D3-BF4B-00C04F79EFBC}") = "Find_Median", "Find_Median\Find_Median.csproj", "{8F1AC8F2-557B-4386-9C3A-6499C442C7D4}"
EndProject
Global
	GlobalSection(SolutionConfigurationPlatforms) = preSolution
		Debug|Any CPU = Debug|Any CPU
		Release|Any CPU = Release|Any CPU
	EndGlobalSection
	GlobalSection(ProjectConfigurationPlatforms) = postSolution
		{F6078A90-257E-4B97-8642-453C452EB286}.Debug|Any CPU.ActiveCfg = Debug|Any CPU
		{F6078A90-257E-4B97-8642-453C452EB286}.Debug|Any CPU.Build.0 = Debug|Any CPU
		{F6078A90-257E-4B97-8642-453C452EB286}.Release|Any CPU.ActiveCfg = Release|Any CPU
		{F6078A90-257E-4B97-8642-453C452EB286}.Release|Any CPU.Build.0 = Release|Any CPU
		{2FFDF234-7CAF-43E4-93A5-534D4E37C4A8}.Debug|Any CPU.ActiveCfg = Debug|Any CPU
		{2FFDF234-7CAF-43E4-93A5-534D4E37C4A8}.Debug|Any CPU.Build.0 = Debug|Any CPU
		{2FFDF234-7CAF-43E4-93A5-534D4E37C4A8}.Release|Any CPU.ActiveCfg = Release|Any CPU
		{2FFDF234-7CAF-43E4-93A5-534D4E37C4A8}.Release|Any CPU.Build.0 = Release|Any CPU
		{461684BC-AE6A-4824-9BF5-685E7C9A694F}.Debug|Any CPU.ActiveCfg = Debug|Any CPU
		{461684BC-AE6A-4824-9BF5-685E7C9A694F}.Debug|Any CPU.Build.0 = Debug|Any CPU
		{461684BC-AE6A-4824-9BF5-685E7C9A694F}.Release|Any CPU.ActiveCfg = Release|Any CPU
		{461684BC-AE6A-4824-9BF5-685E7C9A694F}.Release|Any CPU.Build.0 = Release|Any CPU
		{97792799-60A5-4D69-900E-D4D0BCE47F9B}.Debug|Any CPU.ActiveCfg = Debug|Any CPU
		{97792799-60A5-4D69-900E-D4D0BCE47F9B}.Debug|Any CPU.Build.0 = Debug|Any CPU
		{97792799-60A5-4D69-900E-D4D0BCE47F9B}.Release|Any CPU.ActiveCfg = Release|Any CPU
		{97792799-60A5-4D69-900E-D4D0BCE47F9B}.Release|Any CPU.Build.0 = Release|Any CPU
		{1B681388-8B39-44C1-A5CC-690870B378BD}.Debug|Any CPU.ActiveCfg = Debug|Any CPU
		{1B681388-8B39-44C1-A5CC-690870B378BD}.Debug|Any CPU.Build.0 = Debug|Any CPU
		{1B681388-8B39-44C1-A5CC-690870B378BD}.Release|Any CPU.ActiveCfg = Release|Any CPU
		{1B681388-8B39-44C1-A5CC-690870B378BD}.Release|Any CPU.Build.0 = Release|Any CPU
		{CA1AB24E-4FE6-47C6-AB09-C0BD499E4139}.Debug|Any CPU.ActiveCfg = Debug|Any CPU
		{CA1AB24E-4FE6-47C6-AB09-C0BD499E4139}.Debug|Any CPU.Build.0 = Debug|Any CPU
		{CA1AB24E-4FE6-47C6-AB09-C0BD499E4139}.Release|Any CPU.ActiveCfg = Release|Any CPU
		{CA1AB24E-4FE6-47C6-AB09-C0BD499E4139}.Release|Any CPU.Build.0 = Release|Any CPU
		{DB229BEA-278F-41BF-8130-7B3A45405091}.Debug|Any CPU.ActiveCfg = Debug|Any CPU
		{DB229BEA-278F-41BF-8130-7B3A45405091}.Debug|Any CPU.Build.0 = Debug|Any CPU
		{DB229BEA-278F-41BF-8130-7B3A45405091}.Release|Any CPU.ActiveCfg = Release|Any CPU
		{DB229BEA-278F-41BF-8130-7B3A45405091}.Release|Any CPU.Build.0 = Release|Any CPU
		{8CC78AC3-79A9-4962-B7F7-94CF6540F53A}.Debug|Any CPU.ActiveCfg = Debug|Any CPU
		{8CC78AC3-79A9-4962-B7F7-94CF6540F53A}.Debug|Any CPU.Build.0 = Debug|Any CPU
		{8CC78AC3-79A9-4962-B7F7-94CF6540F53A}.Release|Any CPU.ActiveCfg = Release|Any CPU
		{8CC78AC3-79A9-4962-B7F7-94CF6540F53A}.Release|Any CPU.Build.0 = Release|Any CPU
		{15089518-B2CF-4654-9B1F-D7861C0D39E3}.Debug|Any CPU.ActiveCfg = Debug|Any CPU
		{15089518-B2CF-4654-9B1F-D7861C0D39E3}.Debug|Any CPU.Build.0 = Debug|Any CPU
		{15089518-B2CF-4654-9B1F-D7861C0D39E3}.Release|Any CPU.ActiveCfg = Release|Any CPU
		{15089518-B2CF-4654-9B1F-D7861C0D39E3}.Release|Any CPU.Build.0 = Release|Any CPU
		{D0657A9F-5016-4759-B2EB-C99447429D4B}.Debug|Any CPU.ActiveCfg = Debug|Any CPU
		{D0657A9F-5016-4759-B2EB-C99447429D4B}.Debug|Any CPU.Build.0 = Debug|Any CPU
		{D0657A9F-5016-4759-B2EB-C99447429D4B}.Release|Any CPU.ActiveCfg = Release|Any CPU
		{D0657A9F-5016-4759-B2EB-C99447429D4B}.Release|Any CPU.Build.0 = Release|Any CPU
		{17531338-FF94-4254-A1FA-533EEA73FD53}.Debug|Any CPU.ActiveCfg = Debug|Any CPU
		{17531338-FF94-4254-A1FA-533EEA73FD53}.Debug|Any CPU.Build.0 = Debug|Any CPU
		{17531338-FF94-4254-A1FA-533EEA73FD53}.Release|Any CPU.ActiveCfg = Release|Any CPU
		{17531338-FF94-4254-A1FA-533EEA73FD53}.Release|Any CPU.Build.0 = Release|Any CPU
		{FAA7D0D0-2892-4EEE-B865-E3161684C57C}.Debug|Any CPU.ActiveCfg = Debug|Any CPU
		{FAA7D0D0-2892-4EEE-B865-E3161684C57C}.Debug|Any CPU.Build.0 = Debug|Any CPU
		{FAA7D0D0-2892-4EEE-B865-E3161684C57C}.Release|Any CPU.ActiveCfg = Release|Any CPU
		{FAA7D0D0-2892-4EEE-B865-E3161684C57C}.Release|Any CPU.Build.0 = Release|Any CPU
		{F389C489-3B26-435B-B980-D7C37977EC65}.Debug|Any CPU.ActiveCfg = Debug|Any CPU
		{F389C489-3B26-435B-B980-D7C37977EC65}.Debug|Any CPU.Build.0 = Debug|Any CPU
		{F389C489-3B26-435B-B980-D7C37977EC65}.Release|Any CPU.ActiveCfg = Release|Any CPU
		{F389C489-3B26-435B-B980-D7C37977EC65}.Release|Any CPU.Build.0 = Release|Any CPU
		{134381AC-DDAD-4019-AC41-7F22A3E88FAB}.Debug|Any CPU.ActiveCfg = Debug|Any CPU
		{134381AC-DDAD-4019-AC41-7F22A3E88FAB}.Debug|Any CPU.Build.0 = Debug|Any CPU
		{134381AC-DDAD-4019-AC41-7F22A3E88FAB}.Release|Any CPU.ActiveCfg = Release|Any CPU
		{134381AC-DDAD-4019-AC41-7F22A3E88FAB}.Release|Any CPU.Build.0 = Release|Any CPU
		{2871EE43-76DD-4BB3-A584-3BDFAC1E7C32}.Debug|Any CPU.ActiveCfg = Debug|Any CPU
		{2871EE43-76DD-4BB3-A584-3BDFAC1E7C32}.Debug|Any CPU.Build.0 = Debug|Any CPU
		{2871EE43-76DD-4BB3-A584-3BDFAC1E7C32}.Release|Any CPU.ActiveCfg = Release|Any CPU
		{2871EE43-76DD-4BB3-A584-3BDFAC1E7C32}.Release|Any CPU.Build.0 = Release|Any CPU
		{F903DE93-915E-40A8-8489-BEE3BB6B3E3F}.Debug|Any CPU.ActiveCfg = Debug|Any CPU
		{F903DE93-915E-40A8-8489-BEE3BB6B3E3F}.Debug|Any CPU.Build.0 = Debug|Any CPU
		{F903DE93-915E-40A8-8489-BEE3BB6B3E3F}.Release|Any CPU.ActiveCfg = Release|Any CPU
		{F903DE93-915E-40A8-8489-BEE3BB6B3E3F}.Release|Any CPU.Build.0 = Release|Any CPU
		{17C0D182-0313-422C-8F71-40AEFDF2262A}.Debug|Any CPU.ActiveCfg = Debug|Any CPU
		{17C0D182-0313-422C-8F71-40AEFDF2262A}.Debug|Any CPU.Build.0 = Debug|Any CPU
		{17C0D182-0313-422C-8F71-40AEFDF2262A}.Release|Any CPU.ActiveCfg = Release|Any CPU
		{17C0D182-0313-422C-8F71-40AEFDF2262A}.Release|Any CPU.Build.0 = Release|Any CPU
		{DECEA31D-4079-47B4-B3D6-014ED05E0ED7}.Debug|Any CPU.ActiveCfg = Debug|Any CPU
		{DECEA31D-4079-47B4-B3D6-014ED05E0ED7}.Debug|Any CPU.Build.0 = Debug|Any CPU
		{DECEA31D-4079-47B4-B3D6-014ED05E0ED7}.Release|Any CPU.ActiveCfg = Release|Any CPU
		{DECEA31D-4079-47B4-B3D6-014ED05E0ED7}.Release|Any CPU.Build.0 = Release|Any CPU
		{0A328927-1698-4F4D-AC3D-7A372C58ADE4}.Debug|Any CPU.ActiveCfg = Debug|Any CPU
		{0A328927-1698-4F4D-AC3D-7A372C58ADE4}.Debug|Any CPU.Build.0 = Debug|Any CPU
		{0A328927-1698-4F4D-AC3D-7A372C58ADE4}.Release|Any CPU.ActiveCfg = Release|Any CPU
		{0A328927-1698-4F4D-AC3D-7A372C58ADE4}.Release|Any CPU.Build.0 = Release|Any CPU
		{B99085B4-3518-4276-B963-55325C4408B4}.Debug|Any CPU.ActiveCfg = Debug|Any CPU
		{B99085B4-3518-4276-B963-55325C4408B4}.Debug|Any CPU.Build.0 = Debug|Any CPU
		{B99085B4-3518-4276-B963-55325C4408B4}.Release|Any CPU.ActiveCfg = Release|Any CPU
		{B99085B4-3518-4276-B963-55325C4408B4}.Release|Any CPU.Build.0 = Release|Any CPU
		{01A3F89B-2580-41CB-9E67-681A63789279}.Debug|Any CPU.ActiveCfg = Debug|Any CPU
		{01A3F89B-2580-41CB-9E67-681A63789279}.Debug|Any CPU.Build.0 = Debug|Any CPU
		{01A3F89B-2580-41CB-9E67-681A63789279}.Release|Any CPU.ActiveCfg = Release|Any CPU
		{01A3F89B-2580-41CB-9E67-681A63789279}.Release|Any CPU.Build.0 = Release|Any CPU
		{6C5A8F82-5767-40E0-A708-69C891B3E12A}.Debug|Any CPU.ActiveCfg = Debug|Any CPU
		{6C5A8F82-5767-40E0-A708-69C891B3E12A}.Debug|Any CPU.Build.0 = Debug|Any CPU
		{6C5A8F82-5767-40E0-A708-69C891B3E12A}.Release|Any CPU.ActiveCfg = Release|Any CPU
		{6C5A8F82-5767-40E0-A708-69C891B3E12A}.Release|Any CPU.Build.0 = Release|Any CPU
		{22A5657E-D2C8-4721-8687-0AD6C4FDA9A0}.Debug|Any CPU.ActiveCfg = Debug|Any CPU
		{22A5657E-D2C8-4721-8687-0AD6C4FDA9A0}.Debug|Any CPU.Build.0 = Debug|Any CPU
		{22A5657E-D2C8-4721-8687-0AD6C4FDA9A0}.Release|Any CPU.ActiveCfg = Release|Any CPU
		{22A5657E-D2C8-4721-8687-0AD6C4FDA9A0}.Release|Any CPU.Build.0 = Release|Any CPU
		{E4BC0137-F4D4-4FBC-81CC-6BA553109A61}.Debug|Any CPU.ActiveCfg = Debug|Any CPU
		{E4BC0137-F4D4-4FBC-81CC-6BA553109A61}.Debug|Any CPU.Build.0 = Debug|Any CPU
		{E4BC0137-F4D4-4FBC-81CC-6BA553109A61}.Release|Any CPU.ActiveCfg = Release|Any CPU
		{E4BC0137-F4D4-4FBC-81CC-6BA553109A61}.Release|Any CPU.Build.0 = Release|Any CPU
		{A13CFD23-8D37-4279-9254-983BB8D9EBF7}.Debug|Any CPU.ActiveCfg = Debug|Any CPU
		{A13CFD23-8D37-4279-9254-983BB8D9EBF7}.Debug|Any CPU.Build.0 = Debug|Any CPU
		{A13CFD23-8D37-4279-9254-983BB8D9EBF7}.Release|Any CPU.ActiveCfg = Release|Any CPU
		{A13CFD23-8D37-4279-9254-983BB8D9EBF7}.Release|Any CPU.Build.0 = Release|Any CPU
		{E832A66C-B035-444E-B0B3-7D0B9895900F}.Debug|Any CPU.ActiveCfg = Debug|Any CPU
		{E832A66C-B035-444E-B0B3-7D0B9895900F}.Debug|Any CPU.Build.0 = Debug|Any CPU
		{E832A66C-B035-444E-B0B3-7D0B9895900F}.Release|Any CPU.ActiveCfg = Release|Any CPU
		{E832A66C-B035-444E-B0B3-7D0B9895900F}.Release|Any CPU.Build.0 = Release|Any CPU
		{AFD9D222-3DB7-4D54-BB7C-C12481D8C08F}.Debug|Any CPU.ActiveCfg = Debug|Any CPU
		{AFD9D222-3DB7-4D54-BB7C-C12481D8C08F}.Debug|Any CPU.Build.0 = Debug|Any CPU
		{AFD9D222-3DB7-4D54-BB7C-C12481D8C08F}.Release|Any CPU.ActiveCfg = Release|Any CPU
		{AFD9D222-3DB7-4D54-BB7C-C12481D8C08F}.Release|Any CPU.Build.0 = Release|Any CPU
		{D26C4221-4552-4CAE-BCF6-11B6556AEAD5}.Debug|Any CPU.ActiveCfg = Debug|Any CPU
		{D26C4221-4552-4CAE-BCF6-11B6556AEAD5}.Debug|Any CPU.Build.0 = Debug|Any CPU
		{D26C4221-4552-4CAE-BCF6-11B6556AEAD5}.Release|Any CPU.ActiveCfg = Release|Any CPU
		{D26C4221-4552-4CAE-BCF6-11B6556AEAD5}.Release|Any CPU.Build.0 = Release|Any CPU
		{99DB8495-65BB-402F-A0A7-77C6E7B061E4}.Debug|Any CPU.ActiveCfg = Debug|Any CPU
		{99DB8495-65BB-402F-A0A7-77C6E7B061E4}.Debug|Any CPU.Build.0 = Debug|Any CPU
		{99DB8495-65BB-402F-A0A7-77C6E7B061E4}.Release|Any CPU.ActiveCfg = Release|Any CPU
		{99DB8495-65BB-402F-A0A7-77C6E7B061E4}.Release|Any CPU.Build.0 = Release|Any CPU
		{458EDC1E-FC39-461C-96BD-4A2092751205}.Debug|Any CPU.ActiveCfg = Debug|Any CPU
		{458EDC1E-FC39-461C-96BD-4A2092751205}.Debug|Any CPU.Build.0 = Debug|Any CPU
		{458EDC1E-FC39-461C-96BD-4A2092751205}.Release|Any CPU.ActiveCfg = Release|Any CPU
		{458EDC1E-FC39-461C-96BD-4A2092751205}.Release|Any CPU.Build.0 = Release|Any CPU
		{986FF734-68FB-4D5A-A776-550D1C233D3E}.Debug|Any CPU.ActiveCfg = Debug|Any CPU
		{986FF734-68FB-4D5A-A776-550D1C233D3E}.Debug|Any CPU.Build.0 = Debug|Any CPU
		{986FF734-68FB-4D5A-A776-550D1C233D3E}.Release|Any CPU.ActiveCfg = Release|Any CPU
		{986FF734-68FB-4D5A-A776-550D1C233D3E}.Release|Any CPU.Build.0 = Release|Any CPU
		{8F1AC8F2-557B-4386-9C3A-6499C442C7D4}.Debug|Any CPU.ActiveCfg = Debug|Any CPU
		{8F1AC8F2-557B-4386-9C3A-6499C442C7D4}.Debug|Any CPU.Build.0 = Debug|Any CPU
		{8F1AC8F2-557B-4386-9C3A-6499C442C7D4}.Release|Any CPU.ActiveCfg = Release|Any CPU
		{8F1AC8F2-557B-4386-9C3A-6499C442C7D4}.Release|Any CPU.Build.0 = Release|Any CPU
	EndGlobalSection
EndGlobal
